// !$*UTF8*$!
{
	archiveVersion = 1;
	classes = {
	};
	objectVersion = 56;
	objects = {

/* Begin PBXBuildFile section */
		7DF3F84129D0C76F005D0642 /* SwiftUIChartsTutorialApp.swift in Sources */ = {isa = PBXBuildFile; fileRef = 7DF3F84029D0C76F005D0642 /* SwiftUIChartsTutorialApp.swift */; };
		7DF3F84329D0C76F005D0642 /* ContentView.swift in Sources */ = {isa = PBXBuildFile; fileRef = 7DF3F84229D0C76F005D0642 /* ContentView.swift */; };
		7DF3F84529D0C772005D0642 /* Assets.xcassets in Resources */ = {isa = PBXBuildFile; fileRef = 7DF3F84429D0C772005D0642 /* Assets.xcassets */; };
		7DF3F84829D0C772005D0642 /* Preview Assets.xcassets in Resources */ = {isa = PBXBuildFile; fileRef = 7DF3F84729D0C772005D0642 /* Preview Assets.xcassets */; };
		7DF3F85129D0C824005D0642 /* SiteView.swift in Sources */ = {isa = PBXBuildFile; fileRef = 7DF3F85029D0C824005D0642 /* SiteView.swift */; };
		7DF3F85329D0C96E005D0642 /* Home.swift in Sources */ = {isa = PBXBuildFile; fileRef = 7DF3F85229D0C96E005D0642 /* Home.swift */; };
/* End PBXBuildFile section */

/* Begin PBXFileReference section */
		7DF3F83D29D0C76F005D0642 /* SwiftUIChartsTutorial.app */ = {isa = PBXFileReference; explicitFileType = wrapper.application; includeInIndex = 0; path = SwiftUIChartsTutorial.app; sourceTree = BUILT_PRODUCTS_DIR; };
		7DF3F84029D0C76F005D0642 /* SwiftUIChartsTutorialApp.swift */ = {isa = PBXFileReference; lastKnownFileType = sourcecode.swift; path = SwiftUIChartsTutorialApp.swift; sourceTree = "<group>"; };
		7DF3F84229D0C76F005D0642 /* ContentView.swift */ = {isa = PBXFileReference; lastKnownFileType = sourcecode.swift; path = ContentView.swift; sourceTree = "<group>"; };
		7DF3F84429D0C772005D0642 /* Assets.xcassets */ = {isa = PBXFileReference; lastKnownFileType = folder.assetcatalog; path = Assets.xcassets; sourceTree = "<group>"; };
		7DF3F84729D0C772005D0642 /* Preview Assets.xcassets */ = {isa = PBXFileReference; lastKnownFileType = folder.assetcatalog; path = "Preview Assets.xcassets"; sourceTree = "<group>"; };
		7DF3F85029D0C824005D0642 /* SiteView.swift */ = {isa = PBXFileReference; lastKnownFileType = sourcecode.swift; path = SiteView.swift; sourceTree = "<group>"; };
		7DF3F85229D0C96E005D0642 /* Home.swift */ = {isa = PBXFileReference; lastKnownFileType = sourcecode.swift; path = Home.swift; sourceTree = "<group>"; };
/* End PBXFileReference section */

/* Begin PBXFrameworksBuildPhase section */
		7DF3F83A29D0C76F005D0642 /* Frameworks */ = {
			isa = PBXFrameworksBuildPhase;
			buildActionMask = 2147483647;
			files = (
			);
			runOnlyForDeploymentPostprocessing = 0;
		};
/* End PBXFrameworksBuildPhase section */

/* Begin PBXGroup section */
		7DF3F83429D0C76F005D0642 = {
			isa = PBXGroup;
			children = (
				7DF3F83F29D0C76F005D0642 /* SwiftUIChartsTutorial */,
				7DF3F83E29D0C76F005D0642 /* Products */,
			);
			sourceTree = "<group>";
		};
		7DF3F83E29D0C76F005D0642 /* Products */ = {
			isa = PBXGroup;
			children = (
				7DF3F83D29D0C76F005D0642 /* SwiftUIChartsTutorial.app */,
			);
			name = Products;
			sourceTree = "<group>";
		};
		7DF3F83F29D0C76F005D0642 /* SwiftUIChartsTutorial */ = {
			isa = PBXGroup;
			children = (
				7DF3F84F29D0C814005D0642 /* View */,
				7DF3F84E29D0C80A005D0642 /* Model */,
				7DF3F84029D0C76F005D0642 /* SwiftUIChartsTutorialApp.swift */,
				7DF3F84229D0C76F005D0642 /* ContentView.swift */,
				7DF3F84429D0C772005D0642 /* Assets.xcassets */,
				7DF3F84629D0C772005D0642 /* Preview Content */,
			);
			path = SwiftUIChartsTutorial;
			sourceTree = "<group>";
		};
		7DF3F84629D0C772005D0642 /* Preview Content */ = {
			isa = PBXGroup;
			children = (
				7DF3F84729D0C772005D0642 /* Preview Assets.xcassets */,
			);
			path = "Preview Content";
			sourceTree = "<group>";
		};
		7DF3F84E29D0C80A005D0642 /* Model */ = {
			isa = PBXGroup;
			children = (
				7DF3F85029D0C824005D0642 /* SiteView.swift */,
			);
			path = Model;
			sourceTree = "<group>";
		};
		7DF3F84F29D0C814005D0642 /* View */ = {
			isa = PBXGroup;
			children = (
				7DF3F85229D0C96E005D0642 /* Home.swift */,
			);
			path = View;
			sourceTree = "<group>";
		};
/* End PBXGroup section */

/* Begin PBXNativeTarget section */
		7DF3F83C29D0C76F005D0642 /* SwiftUIChartsTutorial */ = {
			isa = PBXNativeTarget;
			buildConfigurationList = 7DF3F84B29D0C772005D0642 /* Build configuration list for PBXNativeTarget "SwiftUIChartsTutorial" */;
			buildPhases = (
				7DF3F83929D0C76F005D0642 /* Sources */,
				7DF3F83A29D0C76F005D0642 /* Frameworks */,
				7DF3F83B29D0C76F005D0642 /* Resources */,
			);
			buildRules = (
			);
			dependencies = (
			);
			name = SwiftUIChartsTutorial;
			productName = SwiftUIChartsTutorial;
			productReference = 7DF3F83D29D0C76F005D0642 /* SwiftUIChartsTutorial.app */;
			productType = "com.apple.product-type.application";
		};
/* End PBXNativeTarget section */

/* Begin PBXProject section */
		7DF3F83529D0C76F005D0642 /* Project object */ = {
			isa = PBXProject;
			attributes = {
				BuildIndependentTargetsInParallel = 1;
				LastSwiftUpdateCheck = 1420;
				LastUpgradeCheck = 1420;
				TargetAttributes = {
					7DF3F83C29D0C76F005D0642 = {
						CreatedOnToolsVersion = 14.2;
					};
				};
			};
			buildConfigurationList = 7DF3F83829D0C76F005D0642 /* Build configuration list for PBXProject "SwiftUIChartsTutorial" */;
			compatibilityVersion = "Xcode 14.0";
			developmentRegion = en;
			hasScannedForEncodings = 0;
			knownRegions = (
				en,
				Base,
			);
			mainGroup = 7DF3F83429D0C76F005D0642;
			productRefGroup = 7DF3F83E29D0C76F005D0642 /* Products */;
			projectDirPath = "";
			projectRoot = "";
			targets = (
				7DF3F83C29D0C76F005D0642 /* SwiftUIChartsTutorial */,
			);
		};
/* End PBXProject section */

/* Begin PBXResourcesBuildPhase section */
		7DF3F83B29D0C76F005D0642 /* Resources */ = {
			isa = PBXResourcesBuildPhase;
			buildActionMask = 2147483647;
			files = (
				7DF3F84829D0C772005D0642 /* Preview Assets.xcassets in Resources */,
				7DF3F84529D0C772005D0642 /* Assets.xcassets in Resources */,
			);
			runOnlyForDeploymentPostprocessing = 0;
		};
/* End PBXResourcesBuildPhase section */

/* Begin PBXSourcesBuildPhase section */
		7DF3F83929D0C76F005D0642 /* Sources */ = {
			isa = PBXSourcesBuildPhase;
			buildActionMask = 2147483647;
			files = (
				7DF3F85129D0C824005D0642 /* SiteView.swift in Sources */,
				7DF3F84329D0C76F005D0642 /* ContentView.swift in Sources */,
				7DF3F85329D0C96E005D0642 /* Home.swift in Sources */,
				7DF3F84129D0C76F005D0642 /* SwiftUIChartsTutorialApp.swift in Sources */,
			);
			runOnlyForDeploymentPostprocessing = 0;
		};
/* End PBXSourcesBuildPhase section */

/* Begin XCBuildConfiguration section */
		7DF3F84929D0C772005D0642 /* Debug */ = {
			isa = XCBuildConfiguration;
			buildSettings = {
				ALWAYS_SEARCH_USER_PATHS = NO;
				CLANG_ANALYZER_NONNULL = YES;
				CLANG_ANALYZER_NUMBER_OBJECT_CONVERSION = YES_AGGRESSIVE;
				CLANG_CXX_LANGUAGE_STANDARD = "gnu++20";
				CLANG_ENABLE_MODULES = YES;
				CLANG_ENABLE_OBJC_ARC = YES;
				CLANG_ENABLE_OBJC_WEAK = YES;
				CLANG_WARN_BLOCK_CAPTURE_AUTORELEASING = YES;
				CLANG_WARN_BOOL_CONVERSION = YES;
				CLANG_WARN_COMMA = YES;
				CLANG_WARN_CONSTANT_CONVERSION = YES;
				CLANG_WARN_DEPRECATED_OBJC_IMPLEMENTATIONS = YES;
				CLANG_WARN_DIRECT_OBJC_ISA_USAGE = YES_ERROR;
				CLANG_WARN_DOCUMENTATION_COMMENTS = YES;
				CLANG_WARN_EMPTY_BODY = YES;
				CLANG_WARN_ENUM_CONVERSION = YES;
				CLANG_WARN_INFINITE_RECURSION = YES;
				CLANG_WARN_INT_CONVERSION = YES;
				CLANG_WARN_NON_LITERAL_NULL_CONVERSION = YES;
				CLANG_WARN_OBJC_IMPLICIT_RETAIN_SELF = YES;
				CLANG_WARN_OBJC_LITERAL_CONVERSION = YES;
				CLANG_WARN_OBJC_ROOT_CLASS = YES_ERROR;
				CLANG_WARN_QUOTED_INCLUDE_IN_FRAMEWORK_HEADER = YES;
				CLANG_WARN_RANGE_LOOP_ANALYSIS = YES;
				CLANG_WARN_STRICT_PROTOTYPES = YES;
				CLANG_WARN_SUSPICIOUS_MOVE = YES;
				CLANG_WARN_UNGUARDED_AVAILABILITY = YES_AGGRESSIVE;
				CLANG_WARN_UNREACHABLE_CODE = YES;
				CLANG_WARN__DUPLICATE_METHOD_MATCH = YES;
				COPY_PHASE_STRIP = NO;
				DEBUG_INFORMATION_FORMAT = dwarf;
				ENABLE_STRICT_OBJC_MSGSEND = YES;
				ENABLE_TESTABILITY = YES;
				GCC_C_LANGUAGE_STANDARD = gnu11;
				GCC_DYNAMIC_NO_PIC = NO;
				GCC_NO_COMMON_BLOCKS = YES;
				GCC_OPTIMIZATION_LEVEL = 0;
				GCC_PREPROCESSOR_DEFINITIONS = (
					"DEBUG=1",
					"$(inherited)",
				);
				GCC_WARN_64_TO_32_BIT_CONVERSION = YES;
				GCC_WARN_ABOUT_RETURN_TYPE = YES_ERROR;
				GCC_WARN_UNDECLARED_SELECTOR = YES;
				GCC_WARN_UNINITIALIZED_AUTOS = YES_AGGRESSIVE;
				GCC_WARN_UNUSED_FUNCTION = YES;
				GCC_WARN_UNUSED_VARIABLE = YES;
				IPHONEOS_DEPLOYMENT_TARGET = 16.2;
				MTL_ENABLE_DEBUG_INFO = INCLUDE_SOURCE;
				MTL_FAST_MATH = YES;
				ONLY_ACTIVE_ARCH = YES;
				SDKROOT = iphoneos;
				SWIFT_ACTIVE_COMPILATION_CONDITIONS = DEBUG;
				SWIFT_OPTIMIZATION_LEVEL = "-Onone";
			};
			name = Debug;
		};
		7DF3F84A29D0C772005D0642 /* Release */ = {
			isa = XCBuildConfiguration;
			buildSettings = {
				ALWAYS_SEARCH_USER_PATHS = NO;
				CLANG_ANALYZER_NONNULL = YES;
				CLANG_ANALYZER_NUMBER_OBJECT_CONVERSION = YES_AGGRESSIVE;
				CLANG_CXX_LANGUAGE_STANDARD = "gnu++20";
				CLANG_ENABLE_MODULES = YES;
				CLANG_ENABLE_OBJC_ARC = YES;
				CLANG_ENABLE_OBJC_WEAK = YES;
				CLANG_WARN_BLOCK_CAPTURE_AUTORELEASING = YES;
				CLANG_WARN_BOOL_CONVERSION = YES;
				CLANG_WARN_COMMA = YES;
				CLANG_WARN_CONSTANT_CONVERSION = YES;
				CLANG_WARN_DEPRECATED_OBJC_IMPLEMENTATIONS = YES;
				CLANG_WARN_DIRECT_OBJC_ISA_USAGE = YES_ERROR;
				CLANG_WARN_DOCUMENTATION_COMMENTS = YES;
				CLANG_WARN_EMPTY_BODY = YES;
				CLANG_WARN_ENUM_CONVERSION = YES;
				CLANG_WARN_INFINITE_RECURSION = YES;
				CLANG_WARN_INT_CONVERSION = YES;
				CLANG_WARN_NON_LITERAL_NULL_CONVERSION = YES;
				CLANG_WARN_OBJC_IMPLICIT_RETAIN_SELF = YES;
				CLANG_WARN_OBJC_LITERAL_CONVERSION = YES;
				CLANG_WARN_OBJC_ROOT_CLASS = YES_ERROR;
				CLANG_WARN_QUOTED_INCLUDE_IN_FRAMEWORK_HEADER = YES;
				CLANG_WARN_RANGE_LOOP_ANALYSIS = YES;
				CLANG_WARN_STRICT_PROTOTYPES = YES;
				CLANG_WARN_SUSPICIOUS_MOVE = YES;
				CLANG_WARN_UNGUARDED_AVAILABILITY = YES_AGGRESSIVE;
				CLANG_WARN_UNREACHABLE_CODE = YES;
				CLANG_WARN__DUPLICATE_METHOD_MATCH = YES;
				COPY_PHASE_STRIP = NO;
				DEBUG_INFORMATION_FORMAT = "dwarf-with-dsym";
				ENABLE_NS_ASSERTIONS = NO;
				ENABLE_STRICT_OBJC_MSGSEND = YES;
				GCC_C_LANGUAGE_STANDARD = gnu11;
				GCC_NO_COMMON_BLOCKS = YES;
				GCC_WARN_64_TO_32_BIT_CONVERSION = YES;
				GCC_WARN_ABOUT_RETURN_TYPE = YES_ERROR;
				GCC_WARN_UNDECLARED_SELECTOR = YES;
				GCC_WARN_UNINITIALIZED_AUTOS = YES_AGGRESSIVE;
				GCC_WARN_UNUSED_FUNCTION = YES;
				GCC_WARN_UNUSED_VARIABLE = YES;
				IPHONEOS_DEPLOYMENT_TARGET = 16.2;
				MTL_ENABLE_DEBUG_INFO = NO;
				MTL_FAST_MATH = YES;
				SDKROOT = iphoneos;
				SWIFT_COMPILATION_MODE = wholemodule;
				SWIFT_OPTIMIZATION_LEVEL = "-O";
				VALIDATE_PRODUCT = YES;
			};
			name = Release;
		};
		7DF3F84C29D0C772005D0642 /* Debug */ = {
			isa = XCBuildConfiguration;
			buildSettings = {
				ASSETCATALOG_COMPILER_APPICON_NAME = AppIcon;
				ASSETCATALOG_COMPILER_GLOBAL_ACCENT_COLOR_NAME = AccentColor;
				CODE_SIGN_STYLE = Automatic;
				CURRENT_PROJECT_VERSION = 1;
				DEVELOPMENT_ASSET_PATHS = "\"SwiftUIChartsTutorial/Preview Content\"";
				DEVELOPMENT_TEAM = WQT83F9429;
				ENABLE_PREVIEWS = YES;
				GENERATE_INFOPLIST_FILE = YES;
				INFOPLIST_KEY_UIApplicationSceneManifest_Generation = YES;
				INFOPLIST_KEY_UIApplicationSupportsIndirectInputEvents = YES;
				INFOPLIST_KEY_UILaunchScreen_Generation = YES;
				INFOPLIST_KEY_UISupportedInterfaceOrientations_iPad = "UIInterfaceOrientationPortrait UIInterfaceOrientationPortraitUpsideDown UIInterfaceOrientationLandscapeLeft UIInterfaceOrientationLandscapeRight";
				INFOPLIST_KEY_UISupportedInterfaceOrientations_iPhone = "UIInterfaceOrientationPortrait UIInterfaceOrientationLandscapeLeft UIInterfaceOrientationLandscapeRight";
				LD_RUNPATH_SEARCH_PATHS = (
					"$(inherited)",
					"@executable_path/Frameworks",
				);
				MARKETING_VERSION = 1.0;
				PRODUCT_BUNDLE_IDENTIFIER = com.yasinerdemli.SwiftUIChartsTutorial;
				PRODUCT_NAME = "$(TARGET_NAME)";
				SWIFT_EMIT_LOC_STRINGS = YES;
				SWIFT_VERSION = 5.0;
				TARGETED_DEVICE_FAMILY = "1,2";
			};
			name = Debug;
		};
		7DF3F84D29D0C772005D0642 /* Release */ = {
			isa = XCBuildConfiguration;
			buildSettings = {
				ASSETCATALOG_COMPILER_APPICON_NAME = AppIcon;
				ASSETCATALOG_COMPILER_GLOBAL_ACCENT_COLOR_NAME = AccentColor;
				CODE_SIGN_STYLE = Automatic;
				CURRENT_PROJECT_VERSION = 1;
				DEVELOPMENT_ASSET_PATHS = "\"SwiftUIChartsTutorial/Preview Content\"";
				DEVELOPMENT_TEAM = WQT83F9429;
				ENABLE_PREVIEWS = YES;
				GENERATE_INFOPLIST_FILE = YES;
				INFOPLIST_KEY_UIApplicationSceneManifest_Generation = YES;
				INFOPLIST_KEY_UIApplicationSupportsIndirectInputEvents = YES;
				INFOPLIST_KEY_UILaunchScreen_Generation = YES;
				INFOPLIST_KEY_UISupportedInterfaceOrientations_iPad = "UIInterfaceOrientationPortrait UIInterfaceOrientationPortraitUpsideDown UIInterfaceOrientationLandscapeLeft UIInterfaceOrientationLandscapeRight";
				INFOPLIST_KEY_UISupportedInterfaceOrientations_iPhone = "UIInterfaceOrientationPortrait UIInterfaceOrientationLandscapeLeft UIInterfaceOrientationLandscapeRight";
				LD_RUNPATH_SEARCH_PATHS = (
					"$(inherited)",
					"@executable_path/Frameworks",
				);
				MARKETING_VERSION = 1.0;
				PRODUCT_BUNDLE_IDENTIFIER = com.yasinerdemli.SwiftUIChartsTutorial;
				PRODUCT_NAME = "$(TARGET_NAME)";
				SWIFT_EMIT_LOC_STRINGS = YES;
				SWIFT_VERSION = 5.0;
				TARGETED_DEVICE_FAMILY = "1,2";
			};
			name = Release;
		};
/* End XCBuildConfiguration section */

/* Begin XCConfigurationList section */
		7DF3F83829D0C76F005D0642 /* Build configuration list for PBXProject "SwiftUIChartsTutorial" */ = {
			isa = XCConfigurationList;
			buildConfigurations = (
				7DF3F84929D0C772005D0642 /* Debug */,
				7DF3F84A29D0C772005D0642 /* Release */,
			);
			defaultConfigurationIsVisible = 0;
			defaultConfigurationName = Release;
		};
		7DF3F84B29D0C772005D0642 /* Build configuration list for PBXNativeTarget "SwiftUIChartsTutorial" */ = {
			isa = XCConfigurationList;
			buildConfigurations = (
				7DF3F84C29D0C772005D0642 /* Debug */,
				7DF3F84D29D0C772005D0642 /* Release */,
			);
			defaultConfigurationIsVisible = 0;
			defaultConfigurationName = Release;
		};
/* End XCConfigurationList section */
	};
	rootObject = 7DF3F83529D0C76F005D0642 /* Project object */;
}
